{
  "name": "demo",
  "version": "1.0.0",
  "lockfileVersion": 2,
  "requires": true,
  "packages": {
    "": {
      "name": "demo",
      "version": "1.0.0",
      "license": "MIT",
      "dependencies": {
        "CBuffer": "^2.2.0"
      }
    },
    "node_modules/CBuffer": {
      "version": "2.2.0",
      "resolved": "https://registry.npmjs.org/CBuffer/-/CBuffer-2.2.0.tgz",
      "integrity": "sha512-dbfGsL/kaEA07tNX4NdUPwToq/elfc+4IbDnq5INOl+LmYlaAqfTXqwnDCfvUeYtO78Ts2WhaCOUn3bSZgDwZA=="
    }
  },
  "dependencies": {
    "CBuffer": {
      "version": "2.2.0",
      "resolved": "https://registry.npmjs.org/CBuffer/-/CBuffer-2.2.0.tgz",
      "integrity": "sha512-dbfGsL/kaEA07tNX4NdUPwToq/elfc+4IbDnq5INOl+LmYlaAqfTXqwnDCfvUeYtO78Ts2WhaCOUn3bSZgDwZA=="
    }
  }
}
